
Microsoft Visual Studio Solution File, Format Version 12.00
# Visual Studio Version 16
VisualStudioVersion = 16.0.31702.278
MinimumVisualStudioVersion = 10.0.40219.1
Project("{FAE04EC0-301F-11D3-BF4B-00C04F79EFBC}") = "ColonizacionMarte", "ColonizacionMarte\ColonizacionMarte.csproj", "{D36736F7-2613-4703-A7B9-D67842035A95}"
EndProject
Global
	GlobalSection(SolutionConfigurationPlatforms) = preSolution
		Debug|Any CPU = Debug|Any CPU
		Release|Any CPU = Release|Any CPU
	EndGlobalSection
	GlobalSection(ProjectConfigurationPlatforms) = postSolution
		{D36736F7-2613-4703-A7B9-D67842035A95}.Debug|Any CPU.ActiveCfg = Debug|Any CPU
		{D36736F7-2613-4703-A7B9-D67842035A95}.Debug|Any CPU.Build.0 = Debug|Any CPU
		{D36736F7-2613-4703-A7B9-D67842035A95}.Release|Any CPU.ActiveCfg = Release|Any CPU
		{D36736F7-2613-4703-A7B9-D67842035A95}.Release|Any CPU.Build.0 = Release|Any CPU
	EndGlobalSection
	GlobalSection(SolutionProperties) = preSolution
		HideSolutionNode = FALSE
	EndGlobalSection
	GlobalSection(ExtensibilityGlobals) = postSolution
		SolutionGuid = {96C73438-3233-442D-91B7-B7777661BC1D}
	EndGlobalSection
EndGlobal
